// !$*UTF8*$!
{
	archiveVersion = 1;
	classes = {
	};
	objectVersion = 48;
	objects = {

/* Begin PBXBuildFile section */
		6E4B83DF20738E7A004D9FF1 /* CategoryViewController.swift in Sources */ = {isa = PBXBuildFile; fileRef = 6E4B83DE20738E7A004D9FF1 /* CategoryViewController.swift */; };
		6EC786E0206D0EE300660B48 /* AppDelegate.swift in Sources */ = {isa = PBXBuildFile; fileRef = 6EC786DF206D0EE300660B48 /* AppDelegate.swift */; };
		6EC786E2206D0EE300660B48 /* TodoListViewController.swift in Sources */ = {isa = PBXBuildFile; fileRef = 6EC786E1206D0EE300660B48 /* TodoListViewController.swift */; };
		6EC786E5206D0EE300660B48 /* Main.storyboard in Resources */ = {isa = PBXBuildFile; fileRef = 6EC786E3206D0EE300660B48 /* Main.storyboard */; };
		6EC786E7206D0EE300660B48 /* Assets.xcassets in Resources */ = {isa = PBXBuildFile; fileRef = 6EC786E6206D0EE300660B48 /* Assets.xcassets */; };
		6EC786EA206D0EE300660B48 /* LaunchScreen.storyboard in Resources */ = {isa = PBXBuildFile; fileRef = 6EC786E8206D0EE300660B48 /* LaunchScreen.storyboard */; };
		6EC786F9206E762900660B48 /* DataModel.xcdatamodeld in Sources */ = {isa = PBXBuildFile; fileRef = 6EC786F7206E762900660B48 /* DataModel.xcdatamodeld */; };
/* End PBXBuildFile section */

/* Begin PBXFileReference section */
		6E4B83DE20738E7A004D9FF1 /* CategoryViewController.swift */ = {isa = PBXFileReference; lastKnownFileType = sourcecode.swift; path = CategoryViewController.swift; sourceTree = "<group>"; };
		6EC786DC206D0EE300660B48 /* Todoey.app */ = {isa = PBXFileReference; explicitFileType = wrapper.application; includeInIndex = 0; path = Todoey.app; sourceTree = BUILT_PRODUCTS_DIR; };
		6EC786DF206D0EE300660B48 /* AppDelegate.swift */ = {isa = PBXFileReference; lastKnownFileType = sourcecode.swift; path = AppDelegate.swift; sourceTree = "<group>"; };
		6EC786E1206D0EE300660B48 /* TodoListViewController.swift */ = {isa = PBXFileReference; lastKnownFileType = sourcecode.swift; path = TodoListViewController.swift; sourceTree = "<group>"; };
		6EC786E4206D0EE300660B48 /* Base */ = {isa = PBXFileReference; lastKnownFileType = file.storyboard; name = Base; path = Base.lproj/Main.storyboard; sourceTree = "<group>"; };
		6EC786E6206D0EE300660B48 /* Assets.xcassets */ = {isa = PBXFileReference; lastKnownFileType = folder.assetcatalog; path = Assets.xcassets; sourceTree = "<group>"; };
		6EC786E9206D0EE300660B48 /* Base */ = {isa = PBXFileReference; lastKnownFileType = file.storyboard; name = Base; path = Base.lproj/LaunchScreen.storyboard; sourceTree = "<group>"; };
		6EC786EB206D0EE300660B48 /* Info.plist */ = {isa = PBXFileReference; lastKnownFileType = text.plist.xml; path = Info.plist; sourceTree = "<group>"; };
		6EC786F8206E762900660B48 /* DataModel.xcdatamodel */ = {isa = PBXFileReference; lastKnownFileType = wrapper.xcdatamodel; path = DataModel.xcdatamodel; sourceTree = "<group>"; };
/* End PBXFileReference section */

/* Begin PBXFrameworksBuildPhase section */
		6EC786D9206D0EE300660B48 /* Frameworks */ = {
			isa = PBXFrameworksBuildPhase;
			buildActionMask = 2147483647;
			files = (
			);
			runOnlyForDeploymentPostprocessing = 0;
		};
/* End PBXFrameworksBuildPhase section */

/* Begin PBXGroup section */
		6EC786D3206D0EE300660B48 = {
			isa = PBXGroup;
			children = (
				6EC786DE206D0EE300660B48 /* Todoey */,
				6EC786DD206D0EE300660B48 /* Products */,
			);
			sourceTree = "<group>";
		};
		6EC786DD206D0EE300660B48 /* Products */ = {
			isa = PBXGroup;
			children = (
				6EC786DC206D0EE300660B48 /* Todoey.app */,
			);
			name = Products;
			sourceTree = "<group>";
		};
		6EC786DE206D0EE300660B48 /* Todoey */ = {
			isa = PBXGroup;
			children = (
				6EC786DF206D0EE300660B48 /* AppDelegate.swift */,
				6EC786F3206D262500660B48 /* Model */,
				6EC786F5206D264C00660B48 /* View */,
				6EC786F4206D264000660B48 /* Controller */,
				6EC786F6206D266A00660B48 /* Supporting Files */,
				6EC786EB206D0EE300660B48 /* Info.plist */,
			);
			path = Todoey;
			sourceTree = "<group>";
		};
		6EC786F3206D262500660B48 /* Model */ = {
			isa = PBXGroup;
			children = (
				6EC786F7206E762900660B48 /* DataModel.xcdatamodeld */,
			);
			path = Model;
			sourceTree = "<group>";
		};
		6EC786F4206D264000660B48 /* Controller */ = {
			isa = PBXGroup;
			children = (
				6E4B83DE20738E7A004D9FF1 /* CategoryViewController.swift */,
				6EC786E1206D0EE300660B48 /* TodoListViewController.swift */,
			);
			path = Controller;
			sourceTree = "<group>";
		};
		6EC786F5206D264C00660B48 /* View */ = {
			isa = PBXGroup;
			children = (
				6EC786E3206D0EE300660B48 /* Main.storyboard */,
			);
			path = View;
			sourceTree = "<group>";
		};
		6EC786F6206D266A00660B48 /* Supporting Files */ = {
			isa = PBXGroup;
			children = (
				6EC786E6206D0EE300660B48 /* Assets.xcassets */,
				6EC786E8206D0EE300660B48 /* LaunchScreen.storyboard */,
			);
			path = "Supporting Files";
			sourceTree = "<group>";
		};
/* End PBXGroup section */

/* Begin PBXNativeTarget section */
		6EC786DB206D0EE300660B48 /* Todoey */ = {
			isa = PBXNativeTarget;
			buildConfigurationList = 6EC786EE206D0EE300660B48 /* Build configuration list for PBXNativeTarget "Todoey" */;
			buildPhases = (
				6EC786D8206D0EE300660B48 /* Sources */,
				6EC786D9206D0EE300660B48 /* Frameworks */,
				6EC786DA206D0EE300660B48 /* Resources */,
			);
			buildRules = (
			);
			dependencies = (
			);
			name = Todoey;
			productName = Todoey;
			productReference = 6EC786DC206D0EE300660B48 /* Todoey.app */;
			productType = "com.apple.product-type.application";
		};
/* End PBXNativeTarget section */

/* Begin PBXProject section */
		6EC786D4206D0EE300660B48 /* Project object */ = {
			isa = PBXProject;
			attributes = {
				LastSwiftUpdateCheck = 0920;
				LastUpgradeCheck = 0920;
				ORGANIZATIONNAME = "Andrea Della Porta";
				TargetAttributes = {
					6EC786DB206D0EE300660B48 = {
						CreatedOnToolsVersion = 9.2;
						ProvisioningStyle = Automatic;
					};
				};
			};
			buildConfigurationList = 6EC786D7206D0EE300660B48 /* Build configuration list for PBXProject "Todoey" */;
			compatibilityVersion = "Xcode 8.0";
			developmentRegion = en;
			hasScannedForEncodings = 0;
			knownRegions = (
				en,
				Base,
			);
			mainGroup = 6EC786D3206D0EE300660B48;
			productRefGroup = 6EC786DD206D0EE300660B48 /* Products */;
			projectDirPath = "";
			projectRoot = "";
			targets = (
				6EC786DB206D0EE300660B48 /* Todoey */,
			);
		};
/* End PBXProject section */

/* Begin PBXResourcesBuildPhase section */
		6EC786DA206D0EE300660B48 /* Resources */ = {
			isa = PBXResourcesBuildPhase;
			buildActionMask = 2147483647;
			files = (
				6EC786EA206D0EE300660B48 /* LaunchScreen.storyboard in Resources */,
				6EC786E7206D0EE300660B48 /* Assets.xcassets in Resources */,
				6EC786E5206D0EE300660B48 /* Main.storyboard in Resources */,
			);
			runOnlyForDeploymentPostprocessing = 0;
		};
/* End PBXResourcesBuildPhase section */

/* Begin PBXSourcesBuildPhase section */
		6EC786D8206D0EE300660B48 /* Sources */ = {
			isa = PBXSourcesBuildPhase;
			buildActionMask = 2147483647;
			files = (
				6E4B83DF20738E7A004D9FF1 /* CategoryViewController.swift in Sources */,
				6EC786E2206D0EE300660B48 /* TodoListViewController.swift in Sources */,
				6EC786F9206E762900660B48 /* DataModel.xcdatamodeld in Sources */,
				6EC786E0206D0EE300660B48 /* AppDelegate.swift in Sources */,
			);
			runOnlyForDeploymentPostprocessing = 0;
		};
/* End PBXSourcesBuildPhase section */

/* Begin PBXVariantGroup section */
		6EC786E3206D0EE300660B48 /* Main.storyboard */ = {
			isa = PBXVariantGroup;
			children = (
				6EC786E4206D0EE300660B48 /* Base */,
			);
			name = Main.storyboard;
			sourceTree = "<group>";
		};
		6EC786E8206D0EE300660B48 /* LaunchScreen.storyboard */ = {
			isa = PBXVariantGroup;
			children = (
				6EC786E9206D0EE300660B48 /* Base */,
			);
			name = LaunchScreen.storyboard;
			sourceTree = "<group>";
		};
/* End PBXVariantGroup section */

/* Begin XCBuildConfiguration section */
		6EC786EC206D0EE300660B48 /* Debug */ = {
			isa = XCBuildConfiguration;
			buildSettings = {
				ALWAYS_SEARCH_USER_PATHS = NO;
				CLANG_ANALYZER_NONNULL = YES;
				CLANG_ANALYZER_NUMBER_OBJECT_CONVERSION = YES_AGGRESSIVE;
				CLANG_CXX_LANGUAGE_STANDARD = "gnu++14";
				CLANG_CXX_LIBRARY = "libc++";
				CLANG_ENABLE_MODULES = YES;
				CLANG_ENABLE_OBJC_ARC = YES;
				CLANG_WARN_BLOCK_CAPTURE_AUTORELEASING = YES;
				CLANG_WARN_BOOL_CONVERSION = YES;
				CLANG_WARN_COMMA = YES;
				CLANG_WARN_CONSTANT_CONVERSION = YES;
				CLANG_WARN_DIRECT_OBJC_ISA_USAGE = YES_ERROR;
				CLANG_WARN_DOCUMENTATION_COMMENTS = YES;
				CLANG_WARN_EMPTY_BODY = YES;
				CLANG_WARN_ENUM_CONVERSION = YES;
				CLANG_WARN_INFINITE_RECURSION = YES;
				CLANG_WARN_INT_CONVERSION = YES;
				CLANG_WARN_NON_LITERAL_NULL_CONVERSION = YES;
				CLANG_WARN_OBJC_LITERAL_CONVERSION = YES;
				CLANG_WARN_OBJC_ROOT_CLASS = YES_ERROR;
				CLANG_WARN_RANGE_LOOP_ANALYSIS = YES;
				CLANG_WARN_STRICT_PROTOTYPES = YES;
				CLANG_WARN_SUSPICIOUS_MOVE = YES;
				CLANG_WARN_UNGUARDED_AVAILABILITY = YES_AGGRESSIVE;
				CLANG_WARN_UNREACHABLE_CODE = YES;
				CLANG_WARN__DUPLICATE_METHOD_MATCH = YES;
				CODE_SIGN_IDENTITY = "iPhone Developer";
				COPY_PHASE_STRIP = NO;
				DEBUG_INFORMATION_FORMAT = dwarf;
				ENABLE_STRICT_OBJC_MSGSEND = YES;
				ENABLE_TESTABILITY = YES;
				GCC_C_LANGUAGE_STANDARD = gnu11;
				GCC_DYNAMIC_NO_PIC = NO;
				GCC_NO_COMMON_BLOCKS = YES;
				GCC_OPTIMIZATION_LEVEL = 0;
				GCC_PREPROCESSOR_DEFINITIONS = (
					"DEBUG=1",
					"$(inherited)",
				);
				GCC_WARN_64_TO_32_BIT_CONVERSION = YES;
				GCC_WARN_ABOUT_RETURN_TYPE = YES_ERROR;
				GCC_WARN_UNDECLARED_SELECTOR = YES;
				GCC_WARN_UNINITIALIZED_AUTOS = YES_AGGRESSIVE;
				GCC_WARN_UNUSED_FUNCTION = YES;
				GCC_WARN_UNUSED_VARIABLE = YES;
				IPHONEOS_DEPLOYMENT_TARGET = 11.2;
				MTL_ENABLE_DEBUG_INFO = YES;
				ONLY_ACTIVE_ARCH = YES;
				SDKROOT = iphoneos;
				SWIFT_ACTIVE_COMPILATION_CONDITIONS = DEBUG;
				SWIFT_OPTIMIZATION_LEVEL = "-Onone";
			};
			name = Debug;
		};
		6EC786ED206D0EE300660B48 /* Release */ = {
			isa = XCBuildConfiguration;
			buildSettings = {
				ALWAYS_SEARCH_USER_PATHS = NO;
				CLANG_ANALYZER_NONNULL = YES;
				CLANG_ANALYZER_NUMBER_OBJECT_CONVERSION = YES_AGGRESSIVE;
				CLANG_CXX_LANGUAGE_STANDARD = "gnu++14";
				CLANG_CXX_LIBRARY = "libc++";
				CLANG_ENABLE_MODULES = YES;
				CLANG_ENABLE_OBJC_ARC = YES;
				CLANG_WARN_BLOCK_CAPTURE_AUTORELEASING = YES;
				CLANG_WARN_BOOL_CONVERSION = YES;
				CLANG_WARN_COMMA = YES;
				CLANG_WARN_CONSTANT_CONVERSION = YES;
				CLANG_WARN_DIRECT_OBJC_ISA_USAGE = YES_ERROR;
				CLANG_WARN_DOCUMENTATION_COMMENTS = YES;
				CLANG_WARN_EMPTY_BODY = YES;
				CLANG_WARN_ENUM_CONVERSION = YES;
				CLANG_WARN_INFINITE_RECURSION = YES;
				CLANG_WARN_INT_CONVERSION = YES;
				CLANG_WARN_NON_LITERAL_NULL_CONVERSION = YES;
				CLANG_WARN_OBJC_LITERAL_CONVERSION = YES;
				CLANG_WARN_OBJC_ROOT_CLASS = YES_ERROR;
				CLANG_WARN_RANGE_LOOP_ANALYSIS = YES;
				CLANG_WARN_STRICT_PROTOTYPES = YES;
				CLANG_WARN_SUSPICIOUS_MOVE = YES;
				CLANG_WARN_UNGUARDED_AVAILABILITY = YES_AGGRESSIVE;
				CLANG_WARN_UNREACHABLE_CODE = YES;
				CLANG_WARN__DUPLICATE_METHOD_MATCH = YES;
				CODE_SIGN_IDENTITY = "iPhone Developer";
				COPY_PHASE_STRIP = NO;
				DEBUG_INFORMATION_FORMAT = "dwarf-with-dsym";
				ENABLE_NS_ASSERTIONS = NO;
				ENABLE_STRICT_OBJC_MSGSEND = YES;
				GCC_C_LANGUAGE_STANDARD = gnu11;
				GCC_NO_COMMON_BLOCKS = YES;
				GCC_WARN_64_TO_32_BIT_CONVERSION = YES;
				GCC_WARN_ABOUT_RETURN_TYPE = YES_ERROR;
				GCC_WARN_UNDECLARED_SELECTOR = YES;
				GCC_WARN_UNINITIALIZED_AUTOS = YES_AGGRESSIVE;
				GCC_WARN_UNUSED_FUNCTION = YES;
				GCC_WARN_UNUSED_VARIABLE = YES;
				IPHONEOS_DEPLOYMENT_TARGET = 11.2;
				MTL_ENABLE_DEBUG_INFO = NO;
				SDKROOT = iphoneos;
				SWIFT_OPTIMIZATION_LEVEL = "-Owholemodule";
				VALIDATE_PRODUCT = YES;
			};
			name = Release;
		};
		6EC786EF206D0EE300660B48 /* Debug */ = {
			isa = XCBuildConfiguration;
			buildSettings = {
				ASSETCATALOG_COMPILER_APPICON_NAME = AppIcon;
				CODE_SIGN_STYLE = Automatic;
				DEVELOPMENT_TEAM = T95US74N86;
				INFOPLIST_FILE = Todoey/Info.plist;
				LD_RUNPATH_SEARCH_PATHS = "$(inherited) @executable_path/Frameworks";
				PRODUCT_BUNDLE_IDENTIFIER = com.andreadellaporta.Todoey;
				PRODUCT_NAME = "$(TARGET_NAME)";
				SWIFT_VERSION = 4.0;
				TARGETED_DEVICE_FAMILY = "1,2";
			};
			name = Debug;
		};
		6EC786F0206D0EE300660B48 /* Release */ = {
			isa = XCBuildConfiguration;
			buildSettings = {
				ASSETCATALOG_COMPILER_APPICON_NAME = AppIcon;
				CODE_SIGN_STYLE = Automatic;
				DEVELOPMENT_TEAM = T95US74N86;
				INFOPLIST_FILE = Todoey/Info.plist;
				LD_RUNPATH_SEARCH_PATHS = "$(inherited) @executable_path/Frameworks";
				PRODUCT_BUNDLE_IDENTIFIER = com.andreadellaporta.Todoey;
				PRODUCT_NAME = "$(TARGET_NAME)";
				SWIFT_VERSION = 4.0;
				TARGETED_DEVICE_FAMILY = "1,2";
			};
			name = Release;
		};
/* End XCBuildConfiguration section */

/* Begin XCConfigurationList section */
		6EC786D7206D0EE300660B48 /* Build configuration list for PBXProject "Todoey" */ = {
			isa = XCConfigurationList;
			buildConfigurations = (
				6EC786EC206D0EE300660B48 /* Debug */,
				6EC786ED206D0EE300660B48 /* Release */,
			);
			defaultConfigurationIsVisible = 0;
			defaultConfigurationName = Release;
		};
		6EC786EE206D0EE300660B48 /* Build configuration list for PBXNativeTarget "Todoey" */ = {
			isa = XCConfigurationList;
			buildConfigurations = (
				6EC786EF206D0EE300660B48 /* Debug */,
				6EC786F0206D0EE300660B48 /* Release */,
			);
			defaultConfigurationIsVisible = 0;
			defaultConfigurationName = Release;
		};
/* End XCConfigurationList section */

/* Begin XCVersionGroup section */
		6EC786F7206E762900660B48 /* DataModel.xcdatamodeld */ = {
			isa = XCVersionGroup;
			children = (
				6EC786F8206E762900660B48 /* DataModel.xcdatamodel */,
			);
			currentVersion = 6EC786F8206E762900660B48 /* DataModel.xcdatamodel */;
			path = DataModel.xcdatamodeld;
			sourceTree = "<group>";
			versionGroupType = wrapper.xcdatamodel;
		};
/* End XCVersionGroup section */
	};
	rootObject = 6EC786D4206D0EE300660B48 /* Project object */;
}
